
Microsoft Visual Studio Solution File, Format Version 12.00
# Visual Studio Version 17
VisualStudioVersion = 17.6.33723.286
MinimumVisualStudioVersion = 10.0.40219.1
Project("{8BC9CEB8-8B4A-11D0-8D11-00A0C91BC942}") = "Simple_Calculator", "Simple_Calculator\Simple_Calculator.vcxproj", "{CD97801C-9A08-45DE-B702-3B548B17DA33}"
EndProject
Global
	GlobalSection(SolutionConfigurationPlatforms) = preSolution
		Debug|x64 = Debug|x64
		Debug|x86 = Debug|x86
		Release|x64 = Release|x64
		Release|x86 = Release|x86
	EndGlobalSection
	GlobalSection(ProjectConfigurationPlatforms) = postSolution
		{CD97801C-9A08-45DE-B702-3B548B17DA33}.Debug|x64.ActiveCfg = Debug|x64
		{CD97801C-9A08-45DE-B702-3B548B17DA33}.Debug|x64.Build.0 = Debug|x64
		{CD97801C-9A08-45DE-B702-3B548B17DA33}.Debug|x86.ActiveCfg = Debug|Win32
		{CD97801C-9A08-45DE-B702-3B548B17DA33}.Debug|x86.Build.0 = Debug|Win32
		{CD97801C-9A08-45DE-B702-3B548B17DA33}.Release|x64.ActiveCfg = Release|x64
		{CD97801C-9A08-45DE-B702-3B548B17DA33}.Release|x64.Build.0 = Release|x64
		{CD97801C-9A08-45DE-B702-3B548B17DA33}.Release|x86.ActiveCfg = Release|Win32
		{CD97801C-9A08-45DE-B702-3B548B17DA33}.Release|x86.Build.0 = Release|Win32
	EndGlobalSection
	GlobalSection(SolutionProperties) = preSolution
		HideSolutionNode = FALSE
	EndGlobalSection
	GlobalSection(ExtensibilityGlobals) = postSolution
		SolutionGuid = {74065049-AFC7-463D-B354-5C3DAAE4CBEB}
	EndGlobalSection
EndGlobal
